{
  "name": "xhairdecoder",
  "lockfileVersion": 3,
  "requires": true,
  "packages": {
    "": {
      "dependencies": {
        "csgo-sharecode": "^7.0.0"
      }
    },
    "node_modules/csgo-sharecode": {
      "version": "7.0.0",
      "resolved": "https://registry.npmjs.org/csgo-sharecode/-/csgo-sharecode-7.0.0.tgz",
      "integrity": "sha512-UMc99q0i+BBtQpQM718A5z5mo1WXMcsWmktF4U3WsW4fgu697HBUkzpSwWqiE/eFKkPuh0HO5hknt3OzAbS2ew==",
      "license": "MIT",
      "engines": {
        "node": ">=20.19.0"
      }
    }
  }
}
